
Microsoft Visual Studio Solution File, Format Version 11.00
# Visual Studio 2010
Project("{FAE04EC0-301F-11D3-BF4B-00C04F79EFBC}") = "PrjEx13_33328_33574", "PrjEx13_33328_33574\PrjEx13_33328_33574.csproj", "{E1D44595-A94F-4DE1-8CA6-C5814751105A}"
EndProject
Global
	GlobalSection(SolutionConfigurationPlatforms) = preSolution
		Debug|x86 = Debug|x86
		Release|x86 = Release|x86
	EndGlobalSection
	GlobalSection(ProjectConfigurationPlatforms) = postSolution
		{E1D44595-A94F-4DE1-8CA6-C5814751105A}.Debug|x86.ActiveCfg = Debug|x86
		{E1D44595-A94F-4DE1-8CA6-C5814751105A}.Debug|x86.Build.0 = Debug|x86
		{E1D44595-A94F-4DE1-8CA6-C5814751105A}.Release|x86.ActiveCfg = Release|x86
		{E1D44595-A94F-4DE1-8CA6-C5814751105A}.Release|x86.Build.0 = Release|x86
	EndGlobalSection
	GlobalSection(SolutionProperties) = preSolution
		HideSolutionNode = FALSE
	EndGlobalSection
EndGlobal
