
Microsoft Visual Studio Solution File, Format Version 11.00
# Visual Studio 2010
Project("{FAE04EC0-301F-11D3-BF4B-00C04F79EFBC}") = "PrjEx09_33328_33574", "PrjEx09_33328_33574\PrjEx09_33328_33574.csproj", "{FCDA55A8-6DE7-4ADA-B650-2A53D334F439}"
EndProject
Global
	GlobalSection(SolutionConfigurationPlatforms) = preSolution
		Debug|x86 = Debug|x86
		Release|x86 = Release|x86
	EndGlobalSection
	GlobalSection(ProjectConfigurationPlatforms) = postSolution
		{FCDA55A8-6DE7-4ADA-B650-2A53D334F439}.Debug|x86.ActiveCfg = Debug|x86
		{FCDA55A8-6DE7-4ADA-B650-2A53D334F439}.Debug|x86.Build.0 = Debug|x86
		{FCDA55A8-6DE7-4ADA-B650-2A53D334F439}.Release|x86.ActiveCfg = Release|x86
		{FCDA55A8-6DE7-4ADA-B650-2A53D334F439}.Release|x86.Build.0 = Release|x86
	EndGlobalSection
	GlobalSection(SolutionProperties) = preSolution
		HideSolutionNode = FALSE
	EndGlobalSection
EndGlobal
