
Microsoft Visual Studio Solution File, Format Version 11.00
# Visual Studio 2010
Project("{FAE04EC0-301F-11D3-BF4B-00C04F79EFBC}") = "PrjEx08_33328_33574", "PrjEx08_33328_33574\PrjEx08_33328_33574.csproj", "{125B64EE-E6DD-4DB6-84A3-5F6565512E94}"
EndProject
Global
	GlobalSection(SolutionConfigurationPlatforms) = preSolution
		Debug|x86 = Debug|x86
		Release|x86 = Release|x86
	EndGlobalSection
	GlobalSection(ProjectConfigurationPlatforms) = postSolution
		{125B64EE-E6DD-4DB6-84A3-5F6565512E94}.Debug|x86.ActiveCfg = Debug|x86
		{125B64EE-E6DD-4DB6-84A3-5F6565512E94}.Debug|x86.Build.0 = Debug|x86
		{125B64EE-E6DD-4DB6-84A3-5F6565512E94}.Release|x86.ActiveCfg = Release|x86
		{125B64EE-E6DD-4DB6-84A3-5F6565512E94}.Release|x86.Build.0 = Release|x86
	EndGlobalSection
	GlobalSection(SolutionProperties) = preSolution
		HideSolutionNode = FALSE
	EndGlobalSection
EndGlobal
